
Microsoft Visual Studio Solution File, Format Version 12.00
# Visual Studio Version 17
VisualStudioVersion = 17.7.34202.233
MinimumVisualStudioVersion = 10.0.40219.1
Project("{FAE04EC0-301F-11D3-BF4B-00C04F79EFBC}") = "pAppUsersEx", "pAppUsersEx.csproj", "{B3865837-5E59-4071-8FCB-499F94B35786}"
EndProject
Global
	GlobalSection(SolutionConfigurationPlatforms) = preSolution
		Debug|Any CPU = Debug|Any CPU
		Release|Any CPU = Release|Any CPU
	EndGlobalSection
	GlobalSection(ProjectConfigurationPlatforms) = postSolution
		{B3865837-5E59-4071-8FCB-499F94B35786}.Debug|Any CPU.ActiveCfg = Debug|Any CPU
		{B3865837-5E59-4071-8FCB-499F94B35786}.Debug|Any CPU.Build.0 = Debug|Any CPU
		{B3865837-5E59-4071-8FCB-499F94B35786}.Release|Any CPU.ActiveCfg = Release|Any CPU
		{B3865837-5E59-4071-8FCB-499F94B35786}.Release|Any CPU.Build.0 = Release|Any CPU
	EndGlobalSection
	GlobalSection(SolutionProperties) = preSolution
		HideSolutionNode = FALSE
	EndGlobalSection
	GlobalSection(ExtensibilityGlobals) = postSolution
		SolutionGuid = {9EF2ED8E-7809-4770-8B59-30DD01E2818E}
	EndGlobalSection
EndGlobal
